// !$*UTF8*$!
{
	archiveVersion = 1;
	classes = {
	};
	objectVersion = 48;
	objects = {

/* Begin PBXBuildFile section */
		28984E1E2067C4BD00427D72 /* PlayerSession.swift in Sources */ = {isa = PBXBuildFile; fileRef = 28984E1D2067C4BD00427D72 /* PlayerSession.swift */; };
		28984E202067C4CD00427D72 /* PlayerSessionItem.swift in Sources */ = {isa = PBXBuildFile; fileRef = 28984E1F2067C4CD00427D72 /* PlayerSessionItem.swift */; };
		28B174D62078E8C700BDD52D /* RendererViewContext.swift in Sources */ = {isa = PBXBuildFile; fileRef = 28B174D52078E8C700BDD52D /* RendererViewContext.swift */; };
		28B174D82078EB0000BDD52D /* RendererViewContextEAGL.swift in Sources */ = {isa = PBXBuildFile; fileRef = 28B174D72078EB0000BDD52D /* RendererViewContextEAGL.swift */; };
		28BDE2D3205EA82C0032F269 /* RendererView.swift in Sources */ = {isa = PBXBuildFile; fileRef = 28BDE2D2205EA82C0032F269 /* RendererView.swift */; };
		28F09D0B204E7FD20086823D /* Player.swift in Sources */ = {isa = PBXBuildFile; fileRef = 28F09D0A204E7FD10086823D /* Player.swift */; };
		A2B6DC1D1FC31D0E00AECCF7 /* Smena.h in Headers */ = {isa = PBXBuildFile; fileRef = A2B6DC1B1FC31D0E00AECCF7 /* Smena.h */; settings = {ATTRIBUTES = (Public, ); }; };
		A2BF421E1FC31E9300021AC4 /* Smena.swift in Sources */ = {isa = PBXBuildFile; fileRef = A2BF421D1FC31E9300021AC4 /* Smena.swift */; };
/* End PBXBuildFile section */

/* Begin PBXFileReference section */
		28984E1D2067C4BD00427D72 /* PlayerSession.swift */ = {isa = PBXFileReference; lastKnownFileType = sourcecode.swift; path = PlayerSession.swift; sourceTree = "<group>"; };
		28984E1F2067C4CD00427D72 /* PlayerSessionItem.swift */ = {isa = PBXFileReference; lastKnownFileType = sourcecode.swift; path = PlayerSessionItem.swift; sourceTree = "<group>"; };
		28B174D52078E8C700BDD52D /* RendererViewContext.swift */ = {isa = PBXFileReference; lastKnownFileType = sourcecode.swift; path = RendererViewContext.swift; sourceTree = "<group>"; };
		28B174D72078EB0000BDD52D /* RendererViewContextEAGL.swift */ = {isa = PBXFileReference; lastKnownFileType = sourcecode.swift; path = RendererViewContextEAGL.swift; sourceTree = "<group>"; };
		28BDE2D2205EA82C0032F269 /* RendererView.swift */ = {isa = PBXFileReference; lastKnownFileType = sourcecode.swift; path = RendererView.swift; sourceTree = "<group>"; };
		28F09D0A204E7FD10086823D /* Player.swift */ = {isa = PBXFileReference; lastKnownFileType = sourcecode.swift; path = Player.swift; sourceTree = "<group>"; };
		A2B6DC181FC31D0E00AECCF7 /* Smena.framework */ = {isa = PBXFileReference; explicitFileType = wrapper.framework; includeInIndex = 0; path = Smena.framework; sourceTree = BUILT_PRODUCTS_DIR; };
		A2B6DC1B1FC31D0E00AECCF7 /* Smena.h */ = {isa = PBXFileReference; lastKnownFileType = sourcecode.c.h; path = Smena.h; sourceTree = "<group>"; };
		A2B6DC1C1FC31D0E00AECCF7 /* Info.plist */ = {isa = PBXFileReference; lastKnownFileType = text.plist.xml; path = Info.plist; sourceTree = "<group>"; };
		A2BF421D1FC31E9300021AC4 /* Smena.swift */ = {isa = PBXFileReference; lastKnownFileType = sourcecode.swift; path = Smena.swift; sourceTree = "<group>"; };
/* End PBXFileReference section */

/* Begin PBXFrameworksBuildPhase section */
		A2B6DC141FC31D0E00AECCF7 /* Frameworks */ = {
			isa = PBXFrameworksBuildPhase;
			buildActionMask = 2147483647;
			files = (
			);
			runOnlyForDeploymentPostprocessing = 0;
		};
/* End PBXFrameworksBuildPhase section */

/* Begin PBXGroup section */
		28A6D352207A9D78000BD637 /* Player */ = {
			isa = PBXGroup;
			children = (
				28F09D0A204E7FD10086823D /* Player.swift */,
				28BDE2D2205EA82C0032F269 /* RendererView.swift */,
				28984E1D2067C4BD00427D72 /* PlayerSession.swift */,
				28984E1F2067C4CD00427D72 /* PlayerSessionItem.swift */,
				28B174D52078E8C700BDD52D /* RendererViewContext.swift */,
				28B174D72078EB0000BDD52D /* RendererViewContextEAGL.swift */,
			);
			path = Player;
			sourceTree = "<group>";
		};
		A2B6DC0E1FC31D0E00AECCF7 = {
			isa = PBXGroup;
			children = (
				A2B6DC1A1FC31D0E00AECCF7 /* src */,
				A2B6DC191FC31D0E00AECCF7 /* Products */,
			);
			sourceTree = "<group>";
		};
		A2B6DC191FC31D0E00AECCF7 /* Products */ = {
			isa = PBXGroup;
			children = (
				A2B6DC181FC31D0E00AECCF7 /* Smena.framework */,
			);
			name = Products;
			sourceTree = "<group>";
		};
		A2B6DC1A1FC31D0E00AECCF7 /* src */ = {
			isa = PBXGroup;
			children = (
				28A6D352207A9D78000BD637 /* Player */,
				A2B6DC1B1FC31D0E00AECCF7 /* Smena.h */,
				A2B6DC1C1FC31D0E00AECCF7 /* Info.plist */,
				A2BF421D1FC31E9300021AC4 /* Smena.swift */,
			);
			path = src;
			sourceTree = "<group>";
		};
/* End PBXGroup section */

/* Begin PBXHeadersBuildPhase section */
		A2B6DC151FC31D0E00AECCF7 /* Headers */ = {
			isa = PBXHeadersBuildPhase;
			buildActionMask = 2147483647;
			files = (
				A2B6DC1D1FC31D0E00AECCF7 /* Smena.h in Headers */,
			);
			runOnlyForDeploymentPostprocessing = 0;
		};
/* End PBXHeadersBuildPhase section */

/* Begin PBXNativeTarget section */
		A2B6DC171FC31D0E00AECCF7 /* Smena */ = {
			isa = PBXNativeTarget;
			buildConfigurationList = A2B6DC201FC31D0E00AECCF7 /* Build configuration list for PBXNativeTarget "Smena" */;
			buildPhases = (
				A2B6DC131FC31D0E00AECCF7 /* Sources */,
				A2B6DC141FC31D0E00AECCF7 /* Frameworks */,
				A2B6DC151FC31D0E00AECCF7 /* Headers */,
				A2B6DC161FC31D0E00AECCF7 /* Resources */,
			);
			buildRules = (
			);
			dependencies = (
			);
			name = Smena;
			productName = Smena;
			productReference = A2B6DC181FC31D0E00AECCF7 /* Smena.framework */;
			productType = "com.apple.product-type.framework";
		};
/* End PBXNativeTarget section */

/* Begin PBXProject section */
		A2B6DC0F1FC31D0E00AECCF7 /* Project object */ = {
			isa = PBXProject;
			attributes = {
				LastUpgradeCheck = 0910;
				ORGANIZATIONNAME = "Andrei Valkovskii";
				TargetAttributes = {
					A2B6DC171FC31D0E00AECCF7 = {
						CreatedOnToolsVersion = 9.1;
						LastSwiftMigration = 0910;
						ProvisioningStyle = Automatic;
					};
				};
			};
			buildConfigurationList = A2B6DC121FC31D0E00AECCF7 /* Build configuration list for PBXProject "Smena" */;
			compatibilityVersion = "Xcode 8.0";
			developmentRegion = en;
			hasScannedForEncodings = 0;
			knownRegions = (
				en,
			);
			mainGroup = A2B6DC0E1FC31D0E00AECCF7;
			productRefGroup = A2B6DC191FC31D0E00AECCF7 /* Products */;
			projectDirPath = "";
			projectRoot = "";
			targets = (
				A2B6DC171FC31D0E00AECCF7 /* Smena */,
			);
		};
/* End PBXProject section */

/* Begin PBXResourcesBuildPhase section */
		A2B6DC161FC31D0E00AECCF7 /* Resources */ = {
			isa = PBXResourcesBuildPhase;
			buildActionMask = 2147483647;
			files = (
			);
			runOnlyForDeploymentPostprocessing = 0;
		};
/* End PBXResourcesBuildPhase section */

/* Begin PBXSourcesBuildPhase section */
		A2B6DC131FC31D0E00AECCF7 /* Sources */ = {
			isa = PBXSourcesBuildPhase;
			buildActionMask = 2147483647;
			files = (
				28B174D82078EB0000BDD52D /* RendererViewContextEAGL.swift in Sources */,
				28BDE2D3205EA82C0032F269 /* RendererView.swift in Sources */,
				28B174D62078E8C700BDD52D /* RendererViewContext.swift in Sources */,
				28F09D0B204E7FD20086823D /* Player.swift in Sources */,
				28984E202067C4CD00427D72 /* PlayerSessionItem.swift in Sources */,
				A2BF421E1FC31E9300021AC4 /* Smena.swift in Sources */,
				28984E1E2067C4BD00427D72 /* PlayerSession.swift in Sources */,
			);
			runOnlyForDeploymentPostprocessing = 0;
		};
/* End PBXSourcesBuildPhase section */

/* Begin XCBuildConfiguration section */
		A2B6DC1E1FC31D0E00AECCF7 /* Debug */ = {
			isa = XCBuildConfiguration;
			buildSettings = {
				ALWAYS_SEARCH_USER_PATHS = NO;
				CLANG_ANALYZER_NONNULL = YES;
				CLANG_ANALYZER_NUMBER_OBJECT_CONVERSION = YES_AGGRESSIVE;
				CLANG_CXX_LANGUAGE_STANDARD = "gnu++14";
				CLANG_CXX_LIBRARY = "libc++";
				CLANG_ENABLE_MODULES = YES;
				CLANG_ENABLE_OBJC_ARC = YES;
				CLANG_WARN_BLOCK_CAPTURE_AUTORELEASING = YES;
				CLANG_WARN_BOOL_CONVERSION = YES;
				CLANG_WARN_COMMA = YES;
				CLANG_WARN_CONSTANT_CONVERSION = YES;
				CLANG_WARN_DIRECT_OBJC_ISA_USAGE = YES_ERROR;
				CLANG_WARN_DOCUMENTATION_COMMENTS = YES;
				CLANG_WARN_EMPTY_BODY = YES;
				CLANG_WARN_ENUM_CONVERSION = YES;
				CLANG_WARN_INFINITE_RECURSION = YES;
				CLANG_WARN_INT_CONVERSION = YES;
				CLANG_WARN_NON_LITERAL_NULL_CONVERSION = YES;
				CLANG_WARN_OBJC_LITERAL_CONVERSION = YES;
				CLANG_WARN_OBJC_ROOT_CLASS = YES_ERROR;
				CLANG_WARN_RANGE_LOOP_ANALYSIS = YES;
				CLANG_WARN_STRICT_PROTOTYPES = YES;
				CLANG_WARN_SUSPICIOUS_MOVE = YES;
				CLANG_WARN_UNGUARDED_AVAILABILITY = YES_AGGRESSIVE;
				CLANG_WARN_UNREACHABLE_CODE = YES;
				CLANG_WARN__DUPLICATE_METHOD_MATCH = YES;
				CODE_SIGN_IDENTITY = "iPhone Developer";
				COPY_PHASE_STRIP = NO;
				CURRENT_PROJECT_VERSION = 1;
				DEBUG_INFORMATION_FORMAT = dwarf;
				ENABLE_STRICT_OBJC_MSGSEND = YES;
				ENABLE_TESTABILITY = YES;
				GCC_C_LANGUAGE_STANDARD = gnu11;
				GCC_DYNAMIC_NO_PIC = NO;
				GCC_NO_COMMON_BLOCKS = YES;
				GCC_OPTIMIZATION_LEVEL = 0;
				GCC_PREPROCESSOR_DEFINITIONS = (
					"DEBUG=1",
					"$(inherited)",
				);
				GCC_WARN_64_TO_32_BIT_CONVERSION = YES;
				GCC_WARN_ABOUT_RETURN_TYPE = YES_ERROR;
				GCC_WARN_UNDECLARED_SELECTOR = YES;
				GCC_WARN_UNINITIALIZED_AUTOS = YES_AGGRESSIVE;
				GCC_WARN_UNUSED_FUNCTION = YES;
				GCC_WARN_UNUSED_VARIABLE = YES;
				IPHONEOS_DEPLOYMENT_TARGET = 11.1;
				MTL_ENABLE_DEBUG_INFO = YES;
				ONLY_ACTIVE_ARCH = YES;
				SDKROOT = iphoneos;
				SWIFT_ACTIVE_COMPILATION_CONDITIONS = DEBUG;
				SWIFT_OPTIMIZATION_LEVEL = "-Onone";
				VERSIONING_SYSTEM = "apple-generic";
				VERSION_INFO_PREFIX = "";
			};
			name = Debug;
		};
		A2B6DC1F1FC31D0E00AECCF7 /* Release */ = {
			isa = XCBuildConfiguration;
			buildSettings = {
				ALWAYS_SEARCH_USER_PATHS = NO;
				CLANG_ANALYZER_NONNULL = YES;
				CLANG_ANALYZER_NUMBER_OBJECT_CONVERSION = YES_AGGRESSIVE;
				CLANG_CXX_LANGUAGE_STANDARD = "gnu++14";
				CLANG_CXX_LIBRARY = "libc++";
				CLANG_ENABLE_MODULES = YES;
				CLANG_ENABLE_OBJC_ARC = YES;
				CLANG_WARN_BLOCK_CAPTURE_AUTORELEASING = YES;
				CLANG_WARN_BOOL_CONVERSION = YES;
				CLANG_WARN_COMMA = YES;
				CLANG_WARN_CONSTANT_CONVERSION = YES;
				CLANG_WARN_DIRECT_OBJC_ISA_USAGE = YES_ERROR;
				CLANG_WARN_DOCUMENTATION_COMMENTS = YES;
				CLANG_WARN_EMPTY_BODY = YES;
				CLANG_WARN_ENUM_CONVERSION = YES;
				CLANG_WARN_INFINITE_RECURSION = YES;
				CLANG_WARN_INT_CONVERSION = YES;
				CLANG_WARN_NON_LITERAL_NULL_CONVERSION = YES;
				CLANG_WARN_OBJC_LITERAL_CONVERSION = YES;
				CLANG_WARN_OBJC_ROOT_CLASS = YES_ERROR;
				CLANG_WARN_RANGE_LOOP_ANALYSIS = YES;
				CLANG_WARN_STRICT_PROTOTYPES = YES;
				CLANG_WARN_SUSPICIOUS_MOVE = YES;
				CLANG_WARN_UNGUARDED_AVAILABILITY = YES_AGGRESSIVE;
				CLANG_WARN_UNREACHABLE_CODE = YES;
				CLANG_WARN__DUPLICATE_METHOD_MATCH = YES;
				CODE_SIGN_IDENTITY = "iPhone Developer";
				COPY_PHASE_STRIP = NO;
				CURRENT_PROJECT_VERSION = 1;
				DEBUG_INFORMATION_FORMAT = "dwarf-with-dsym";
				ENABLE_NS_ASSERTIONS = NO;
				ENABLE_STRICT_OBJC_MSGSEND = YES;
				GCC_C_LANGUAGE_STANDARD = gnu11;
				GCC_NO_COMMON_BLOCKS = YES;
				GCC_WARN_64_TO_32_BIT_CONVERSION = YES;
				GCC_WARN_ABOUT_RETURN_TYPE = YES_ERROR;
				GCC_WARN_UNDECLARED_SELECTOR = YES;
				GCC_WARN_UNINITIALIZED_AUTOS = YES_AGGRESSIVE;
				GCC_WARN_UNUSED_FUNCTION = YES;
				GCC_WARN_UNUSED_VARIABLE = YES;
				IPHONEOS_DEPLOYMENT_TARGET = 11.1;
				MTL_ENABLE_DEBUG_INFO = NO;
				SDKROOT = iphoneos;
				SWIFT_OPTIMIZATION_LEVEL = "-Owholemodule";
				VALIDATE_PRODUCT = YES;
				VERSIONING_SYSTEM = "apple-generic";
				VERSION_INFO_PREFIX = "";
			};
			name = Release;
		};
		A2B6DC211FC31D0E00AECCF7 /* Debug */ = {
			isa = XCBuildConfiguration;
			buildSettings = {
				ALWAYS_EMBED_SWIFT_STANDARD_LIBRARIES = NO;
				CLANG_ENABLE_MODULES = YES;
				CODE_SIGN_IDENTITY = "";
				CODE_SIGN_STYLE = Automatic;
				DEFINES_MODULE = YES;
				DYLIB_COMPATIBILITY_VERSION = 1;
				DYLIB_CURRENT_VERSION = 1;
				DYLIB_INSTALL_NAME_BASE = "@rpath";
				INFOPLIST_FILE = "$(SRCROOT)/src/Info.plist";
				INSTALL_PATH = "@executable_path/../Frameworks";
				IPHONEOS_DEPLOYMENT_TARGET = 10.0;
				LD_RUNPATH_SEARCH_PATHS = "$(inherited) @executable_path/Frameworks @loader_path/Frameworks";
				PRODUCT_BUNDLE_IDENTIFIER = com.av.Smena;
				PRODUCT_NAME = "$(TARGET_NAME:c99extidentifier)";
				SKIP_INSTALL = YES;
				SWIFT_OPTIMIZATION_LEVEL = "-Onone";
				SWIFT_VERSION = 4.0;
				TARGETED_DEVICE_FAMILY = "1,2";
			};
			name = Debug;
		};
		A2B6DC221FC31D0E00AECCF7 /* Release */ = {
			isa = XCBuildConfiguration;
			buildSettings = {
				ALWAYS_EMBED_SWIFT_STANDARD_LIBRARIES = NO;
				CLANG_ENABLE_MODULES = YES;
				CODE_SIGN_IDENTITY = "";
				CODE_SIGN_STYLE = Automatic;
				DEFINES_MODULE = YES;
				DYLIB_COMPATIBILITY_VERSION = 1;
				DYLIB_CURRENT_VERSION = 1;
				DYLIB_INSTALL_NAME_BASE = "@rpath";
				INFOPLIST_FILE = "$(SRCROOT)/src/Info.plist";
				INSTALL_PATH = "@executable_path/../Frameworks";
				IPHONEOS_DEPLOYMENT_TARGET = 10.0;
				LD_RUNPATH_SEARCH_PATHS = "$(inherited) @executable_path/Frameworks @loader_path/Frameworks";
				PRODUCT_BUNDLE_IDENTIFIER = com.av.Smena;
				PRODUCT_NAME = "$(TARGET_NAME:c99extidentifier)";
				SKIP_INSTALL = YES;
				SWIFT_VERSION = 4.0;
				TARGETED_DEVICE_FAMILY = "1,2";
			};
			name = Release;
		};
/* End XCBuildConfiguration section */

/* Begin XCConfigurationList section */
		A2B6DC121FC31D0E00AECCF7 /* Build configuration list for PBXProject "Smena" */ = {
			isa = XCConfigurationList;
			buildConfigurations = (
				A2B6DC1E1FC31D0E00AECCF7 /* Debug */,
				A2B6DC1F1FC31D0E00AECCF7 /* Release */,
			);
			defaultConfigurationIsVisible = 0;
			defaultConfigurationName = Release;
		};
		A2B6DC201FC31D0E00AECCF7 /* Build configuration list for PBXNativeTarget "Smena" */ = {
			isa = XCConfigurationList;
			buildConfigurations = (
				A2B6DC211FC31D0E00AECCF7 /* Debug */,
				A2B6DC221FC31D0E00AECCF7 /* Release */,
			);
			defaultConfigurationIsVisible = 0;
			defaultConfigurationName = Release;
		};
/* End XCConfigurationList section */
	};
	rootObject = A2B6DC0F1FC31D0E00AECCF7 /* Project object */;
}
